
Microsoft Visual Studio Solution File, Format Version 12.00
# Visual Studio 2013
VisualStudioVersion = 12.0.31101.0
MinimumVisualStudioVersion = 10.0.40219.1
Project("{FAE04EC0-301F-11D3-BF4B-00C04F79EFBC}") = "burningmime.curves", "burningmime.curves\burningmime.curves.csproj", "{7D86BD9E-3BCD-43F6-975D-8A15F3FB2CFC}"
EndProject
Project("{FAE04EC0-301F-11D3-BF4B-00C04F79EFBC}") = "burningmime.curves.sample", "burningmime.curves.sample\burningmime.curves.sample.csproj", "{437432C5-584B-40E2-8B62-C64F92C1B148}"
EndProject
Project("{FAE04EC0-301F-11D3-BF4B-00C04F79EFBC}") = "burningmime.curves.perftest", "burningmime.curves.perftest\burningmime.curves.perftest.csproj", "{060AD270-09E6-41ED-90E0-55904422C674}"
EndProject
Project("{2150E333-8FDC-42A3-9474-1A3956D46DE8}") = "Solution Items", "Solution Items", "{8960A010-C72F-4458-8BB3-084B859545CC}"
	ProjectSection(SolutionItems) = preProject
		Performance1.psess = Performance1.psess
	EndProjectSection
EndProject
Global
	GlobalSection(SolutionConfigurationPlatforms) = preSolution
		Debug|Any CPU = Debug|Any CPU
		Release|Any CPU = Release|Any CPU
	EndGlobalSection
	GlobalSection(ProjectConfigurationPlatforms) = postSolution
		{7D86BD9E-3BCD-43F6-975D-8A15F3FB2CFC}.Debug|Any CPU.ActiveCfg = Debug|Any CPU
		{7D86BD9E-3BCD-43F6-975D-8A15F3FB2CFC}.Debug|Any CPU.Build.0 = Debug|Any CPU
		{7D86BD9E-3BCD-43F6-975D-8A15F3FB2CFC}.Release|Any CPU.ActiveCfg = Release|Any CPU
		{7D86BD9E-3BCD-43F6-975D-8A15F3FB2CFC}.Release|Any CPU.Build.0 = Release|Any CPU
		{437432C5-584B-40E2-8B62-C64F92C1B148}.Debug|Any CPU.ActiveCfg = Debug|Any CPU
		{437432C5-584B-40E2-8B62-C64F92C1B148}.Debug|Any CPU.Build.0 = Debug|Any CPU
		{437432C5-584B-40E2-8B62-C64F92C1B148}.Release|Any CPU.ActiveCfg = Release|Any CPU
		{437432C5-584B-40E2-8B62-C64F92C1B148}.Release|Any CPU.Build.0 = Release|Any CPU
		{060AD270-09E6-41ED-90E0-55904422C674}.Debug|Any CPU.ActiveCfg = Release|Any CPU
		{060AD270-09E6-41ED-90E0-55904422C674}.Release|Any CPU.ActiveCfg = Release|Any CPU
		{060AD270-09E6-41ED-90E0-55904422C674}.Release|Any CPU.Build.0 = Release|Any CPU
	EndGlobalSection
	GlobalSection(SolutionProperties) = preSolution
		HideSolutionNode = FALSE
	EndGlobalSection
EndGlobal
